# This file is automatically @generated by Poetry 1.7.1 and should not be changed by hand.

[[package]]
name = "dearpygui"
version = "1.10.1"
description = "DearPyGui: A simple Python GUI Toolkit"
optional = false
python-versions = ">=3.7"
files = [
    {file = "dearpygui-1.10.1-cp310-cp310-macosx_10_6_x86_64.whl", hash = "sha256:ef1f1a8dbbd2dac9ea4fbf9d37e7812741e9a33de03ce385e398258750966a85"},
    {file = "dearpygui-1.10.1-cp310-cp310-manylinux1_x86_64.whl", hash = "sha256:7dc32b229d89b10ec4f647414738783afc2d6aa09c28c9f7384b07023b6ee261"},
    {file = "dearpygui-1.10.1-cp310-cp310-win_amd64.whl", hash = "sha256:8047f4ac06fb774c1335a98d3dbb47337b07e17629a85789740298a61e6ae999"},
    {file = "dearpygui-1.10.1-cp311-cp311-macosx_10_6_x86_64.whl", hash = "sha256:e87016bdd388d0e33080cd2033047f6c58df7808e1c3e14a1b0d736b2184e1ce"},
    {file = "dearpygui-1.10.1-cp311-cp311-manylinux1_x86_64.whl", hash = "sha256:ac4e1cb01cd53490df20365645fbd0296bac093b8a415c805c18cad0aa85cac6"},
    {file = "dearpygui-1.10.1-cp311-cp311-win_amd64.whl", hash = "sha256:1711a5cc991eaa6bc8a7a3cadb3845236c16b6753dc46b2fd1f4285db57d998e"},
    {file = "dearpygui-1.10.1-cp312-cp312-macosx_10_6_x86_64.whl", hash = "sha256:e506507ee5344bb8d059d333c4dd77cd61bb4850f66fc4b5508ffa4f456f5a98"},
    {file = "dearpygui-1.10.1-cp312-cp312-manylinux1_x86_64.whl", hash = "sha256:ed0d58e057636c4b79aee14d09b78042b122f42a6bef08d9901239de3361449d"},
    {file = "dearpygui-1.10.1-cp312-cp312-win_amd64.whl", hash = "sha256:5350d2a03da789684fcd384d7ee9e0ea029ecf134bef30d134c439d35c9d60b4"},
    {file = "dearpygui-1.10.1-cp37-cp37m-macosx_10_6_x86_64.whl", hash = "sha256:d36b16afd0dd22674a59195e2ba37b787ea18bfb4ca96c460d6b7795f2c56980"},
    {file = "dearpygui-1.10.1-cp37-cp37m-manylinux1_x86_64.whl", hash = "sha256:2d94b23bed91e121ad4556b811fe164598c5b4dc94a19e3195bb70a4ff632759"},
    {file = "dearpygui-1.10.1-cp37-cp37m-win_amd64.whl", hash = "sha256:d1b877a147971e062d3c006027e880fd2b88dad9d198620f12b8407dddb1f795"},
    {file = "dearpygui-1.10.1-cp38-cp38-macosx_10_6_x86_64.whl", hash = "sha256:0e30634f1f8c13994ec59c58048e97103e672f792145a57aab4a7c39c6445e5e"},
    {file = "dearpygui-1.10.1-cp38-cp38-manylinux1_x86_64.whl", hash = "sha256:d2cb73d22ec6c186c039c60c22efa5fc94f0562793bf20996d9eeae5ee601d55"},
    {file = "dearpygui-1.10.1-cp38-cp38-win_amd64.whl", hash = "sha256:2a8a1305ad6bfbc6f46968067b7f02d8404f2df21a13627e8c93cdabbb30f37b"},
    {file = "dearpygui-1.10.1-cp39-cp39-macosx_10_6_x86_64.whl", hash = "sha256:a2e722e5b1fb8ab8d25e3ed82a790778849c1c66a522a327a73e25e218f98873"},
    {file = "dearpygui-1.10.1-cp39-cp39-manylinux1_x86_64.whl", hash = "sha256:358a221d5f53b584e7bbc76e2ad7ca012991debdd74ea3a6cfc8e2ed0ea51c92"},
    {file = "dearpygui-1.10.1-cp39-cp39-win_amd64.whl", hash = "sha256:5ccb75b5377e5d4fcd6358ac2164418301b2747a78fee55422e3995d167d364a"},
]

[[package]]
name = "psycopg2"
version = "2.9.9"
description = "psycopg2 - Python-PostgreSQL Database Adapter"
optional = false
python-versions = ">=3.7"
files = [
    {file = "psycopg2-2.9.9-cp310-cp310-win32.whl", hash = "sha256:38a8dcc6856f569068b47de286b472b7c473ac7977243593a288ebce0dc89516"},
    {file = "psycopg2-2.9.9-cp310-cp310-win_amd64.whl", hash = "sha256:426f9f29bde126913a20a96ff8ce7d73fd8a216cfb323b1f04da402d452853c3"},
    {file = "psycopg2-2.9.9-cp311-cp311-win32.whl", hash = "sha256:ade01303ccf7ae12c356a5e10911c9e1c51136003a9a1d92f7aa9d010fb98372"},
    {file = "psycopg2-2.9.9-cp311-cp311-win_amd64.whl", hash = "sha256:121081ea2e76729acfb0673ff33755e8703d45e926e416cb59bae3a86c6a4981"},
    {file = "psycopg2-2.9.9-cp312-cp312-win32.whl", hash = "sha256:d735786acc7dd25815e89cc4ad529a43af779db2e25aa7c626de864127e5a024"},
    {file = "psycopg2-2.9.9-cp312-cp312-win_amd64.whl", hash = "sha256:a7653d00b732afb6fc597e29c50ad28087dcb4fbfb28e86092277a559ae4e693"},
    {file = "psycopg2-2.9.9-cp37-cp37m-win32.whl", hash = "sha256:5e0d98cade4f0e0304d7d6f25bbfbc5bd186e07b38eac65379309c4ca3193efa"},
    {file = "psycopg2-2.9.9-cp37-cp37m-win_amd64.whl", hash = "sha256:7e2dacf8b009a1c1e843b5213a87f7c544b2b042476ed7755be813eaf4e8347a"},
    {file = "psycopg2-2.9.9-cp38-cp38-win32.whl", hash = "sha256:ff432630e510709564c01dafdbe996cb552e0b9f3f065eb89bdce5bd31fabf4c"},
    {file = "psycopg2-2.9.9-cp38-cp38-win_amd64.whl", hash = "sha256:bac58c024c9922c23550af2a581998624d6e02350f4ae9c5f0bc642c633a2d5e"},
    {file = "psycopg2-2.9.9-cp39-cp39-win32.whl", hash = "sha256:c92811b2d4c9b6ea0285942b2e7cac98a59e166d59c588fe5cfe1eda58e72d59"},
    {file = "psycopg2-2.9.9-cp39-cp39-win_amd64.whl", hash = "sha256:de80739447af31525feddeb8effd640782cf5998e1a4e9192ebdf829717e3913"},
    {file = "psycopg2-2.9.9.tar.gz", hash = "sha256:d1454bde93fb1e224166811694d600e746430c006fbb031ea06ecc2ea41bf156"},
]

[metadata]
lock-version = "2.0"
python-versions = "^3.11"
content-hash = "52b30a7d82ccfc0bbb4f0496f2faf7cc58ecbe9e4243fdc8207a849c5fc6ed1d"
